
Microsoft Visual Studio Solution File, Format Version 12.00
# Visual Studio Version 16
VisualStudioVersion = 16.0.30114.105
MinimumVisualStudioVersion = 10.0.40219.1
Project("{FAE04EC0-301F-11D3-BF4B-00C04F79EFBC}") = "Adapter", "Adapter\Adapter.csproj", "{6BD11BB1-248D-4AB0-B4F8-F40E8C66924B}"
EndProject
Global
	GlobalSection(SolutionConfigurationPlatforms) = preSolution
		Debug|Any CPU = Debug|Any CPU
		Release|Any CPU = Release|Any CPU
	EndGlobalSection
	GlobalSection(ProjectConfigurationPlatforms) = postSolution
		{6BD11BB1-248D-4AB0-B4F8-F40E8C66924B}.Debug|Any CPU.ActiveCfg = Debug|Any CPU
		{6BD11BB1-248D-4AB0-B4F8-F40E8C66924B}.Debug|Any CPU.Build.0 = Debug|Any CPU
		{6BD11BB1-248D-4AB0-B4F8-F40E8C66924B}.Release|Any CPU.ActiveCfg = Release|Any CPU
		{6BD11BB1-248D-4AB0-B4F8-F40E8C66924B}.Release|Any CPU.Build.0 = Release|Any CPU
	EndGlobalSection
	GlobalSection(SolutionProperties) = preSolution
		HideSolutionNode = FALSE
	EndGlobalSection
	GlobalSection(ExtensibilityGlobals) = postSolution
		SolutionGuid = {4003FF30-750E-4A81-B1C4-B51AE125AEE2}
	EndGlobalSection
EndGlobal
