
Microsoft Visual Studio Solution File, Format Version 12.00
# Visual Studio Version 16
VisualStudioVersion = 16.0.30114.105
MinimumVisualStudioVersion = 10.0.40219.1
Project("{9A19103F-16F7-4668-BE54-9A1E7A4F7556}") = "Visitor", "Visitor\Visitor.csproj", "{D6FD1328-D2A9-4481-8B48-5227E68E28CD}"
EndProject
Project("{FAE04EC0-301F-11D3-BF4B-00C04F79EFBC}") = "Visitor1", "Visitor1\Visitor1.csproj", "{DA411765-33DE-44D0-943A-2B74061DC934}"
EndProject
Global
	GlobalSection(SolutionConfigurationPlatforms) = preSolution
		Debug|Any CPU = Debug|Any CPU
		Release|Any CPU = Release|Any CPU
	EndGlobalSection
	GlobalSection(ProjectConfigurationPlatforms) = postSolution
		{D6FD1328-D2A9-4481-8B48-5227E68E28CD}.Debug|Any CPU.ActiveCfg = Debug|Any CPU
		{D6FD1328-D2A9-4481-8B48-5227E68E28CD}.Debug|Any CPU.Build.0 = Debug|Any CPU
		{D6FD1328-D2A9-4481-8B48-5227E68E28CD}.Release|Any CPU.ActiveCfg = Release|Any CPU
		{D6FD1328-D2A9-4481-8B48-5227E68E28CD}.Release|Any CPU.Build.0 = Release|Any CPU
		{DA411765-33DE-44D0-943A-2B74061DC934}.Debug|Any CPU.ActiveCfg = Debug|Any CPU
		{DA411765-33DE-44D0-943A-2B74061DC934}.Debug|Any CPU.Build.0 = Debug|Any CPU
		{DA411765-33DE-44D0-943A-2B74061DC934}.Release|Any CPU.ActiveCfg = Release|Any CPU
		{DA411765-33DE-44D0-943A-2B74061DC934}.Release|Any CPU.Build.0 = Release|Any CPU
	EndGlobalSection
	GlobalSection(SolutionProperties) = preSolution
		HideSolutionNode = FALSE
	EndGlobalSection
	GlobalSection(ExtensibilityGlobals) = postSolution
		SolutionGuid = {D41947BA-0809-4E4C-B879-71C5B7E10568}
	EndGlobalSection
EndGlobal
